// !$*UTF8*$!
{
	archiveVersion = 1;
	classes = {
	};
	objectVersion = 50;
	objects = {

/* Begin PBXBuildFile section */
		061146572470787400E522A6 /* SundeedQLiteMap+Ordering.swift in Sources */ = {isa = PBXBuildFile; fileRef = 061146562470787400E522A6 /* SundeedQLiteMap+Ordering.swift */; };
		061146592470794000E522A6 /* SundeedQLiteMap+Normal.swift in Sources */ = {isa = PBXBuildFile; fileRef = 061146582470794000E522A6 /* SundeedQLiteMap+Normal.swift */; };
		0611465B247079D700E522A6 /* SundeedQLiteMap+Mandatory.swift in Sources */ = {isa = PBXBuildFile; fileRef = 0611465A247079D700E522A6 /* SundeedQLiteMap+Mandatory.swift */; };
		0611465D24707A1000E522A6 /* SundeedQLiteMap+ArrayMandatory.swift in Sources */ = {isa = PBXBuildFile; fileRef = 0611465C24707A1000E522A6 /* SundeedQLiteMap+ArrayMandatory.swift */; };
		0611465F24707A3000E522A6 /* SundeedQLiteMap+Primary.swift in Sources */ = {isa = PBXBuildFile; fileRef = 0611465E24707A3000E522A6 /* SundeedQLiteMap+Primary.swift */; };
		0611466124707E9900E522A6 /* OperationTests.swift in Sources */ = {isa = PBXBuildFile; fileRef = 0611466024707E9900E522A6 /* OperationTests.swift */; };
		06114663247081EF00E522A6 /* OperationTestsWithoutPrimaryKey.swift in Sources */ = {isa = PBXBuildFile; fileRef = 06114662247081EF00E522A6 /* OperationTestsWithoutPrimaryKey.swift */; };
		062EE091246F2E410095C956 /* Statement.swift in Sources */ = {isa = PBXBuildFile; fileRef = 062EE090246F2E410095C956 /* Statement.swift */; };
		06BB09E92474559600BB668B /* MandatoryOperatorTestWithoutData.swift in Sources */ = {isa = PBXBuildFile; fileRef = 06BB09E82474559600BB668B /* MandatoryOperatorTestWithoutData.swift */; };
		06BB09EB247455E400BB668B /* MandatoryOperatorTestWithData.swift in Sources */ = {isa = PBXBuildFile; fileRef = 06BB09EA247455E400BB668B /* MandatoryOperatorTestWithData.swift */; };
		06BB09EE2474679500BB668B /* MandatoryClasses.swift in Sources */ = {isa = PBXBuildFile; fileRef = 06BB09ED2474679500BB668B /* MandatoryClasses.swift */; };
		06BB09F12474682600BB668B /* UpdateTests.swift in Sources */ = {isa = PBXBuildFile; fileRef = 06BB09F02474682600BB668B /* UpdateTests.swift */; };
		06BB09F424746B3800BB668B /* ArrayMandatoryClasses.swift in Sources */ = {isa = PBXBuildFile; fileRef = 06BB09F324746B3800BB668B /* ArrayMandatoryClasses.swift */; };
		06BB09F624746BF800BB668B /* ArrayMandatoryTestWithData.swift in Sources */ = {isa = PBXBuildFile; fileRef = 06BB09F524746BF800BB668B /* ArrayMandatoryTestWithData.swift */; };
		06BB09F824746CDA00BB668B /* ArrayMandatoryTestWithNil.swift in Sources */ = {isa = PBXBuildFile; fileRef = 06BB09F724746CDA00BB668B /* ArrayMandatoryTestWithNil.swift */; };
		06BB09FA24746D4400BB668B /* ArrayMandatoryTestWithEmpty.swift in Sources */ = {isa = PBXBuildFile; fileRef = 06BB09F924746D4400BB668B /* ArrayMandatoryTestWithEmpty.swift */; };
		06BB09FD2474723900BB668B /* NoPrimariesClasses.swift in Sources */ = {isa = PBXBuildFile; fileRef = 06BB09FC2474723900BB668B /* NoPrimariesClasses.swift */; };
		06BB0A052474742E00BB668B /* Listeners.swift in Sources */ = {isa = PBXBuildFile; fileRef = 06BB0A042474742E00BB668B /* Listeners.swift */; };
		06EF758A2467266E00BDA118 /* Processor.swift in Sources */ = {isa = PBXBuildFile; fileRef = 06EF75892467266E00BDA118 /* Processor.swift */; };
		06EF758D246727CB00BDA118 /* StatementBuilder.swift in Sources */ = {isa = PBXBuildFile; fileRef = 06EF758C246727CB00BDA118 /* StatementBuilder.swift */; };
		06EF758F2467291500BDA118 /* CreateTableStatement.swift in Sources */ = {isa = PBXBuildFile; fileRef = 06EF758E2467291500BDA118 /* CreateTableStatement.swift */; };
		06EF7594246771FC00BDA118 /* Sundeed.swift in Sources */ = {isa = PBXBuildFile; fileRef = 06EF7593246771FC00BDA118 /* Sundeed.swift */; };
		06EF759624677A0000BDA118 /* DeleteStatement.swift in Sources */ = {isa = PBXBuildFile; fileRef = 06EF759524677A0000BDA118 /* DeleteStatement.swift */; };
		06EF75982467848600BDA118 /* InsertStatement.swift in Sources */ = {isa = PBXBuildFile; fileRef = 06EF75972467848600BDA118 /* InsertStatement.swift */; };
		06EF759A2468123200BDA118 /* UpdateStatement.swift in Sources */ = {isa = PBXBuildFile; fileRef = 06EF75992468123200BDA118 /* UpdateStatement.swift */; };
		06EF759C24681EBD00BDA118 /* SelectStatement.swift in Sources */ = {isa = PBXBuildFile; fileRef = 06EF759B24681EBD00BDA118 /* SelectStatement.swift */; };
		06EF75A5246973C600BDA118 /* ObjectWrapper.swift in Sources */ = {isa = PBXBuildFile; fileRef = 06EF75A4246973C600BDA118 /* ObjectWrapper.swift */; };
		06EF75A82469740500BDA118 /* SaveProcessor.swift in Sources */ = {isa = PBXBuildFile; fileRef = 06EF75A72469740500BDA118 /* SaveProcessor.swift */; };
		06EF75AA2469741500BDA118 /* CreateTableProcessor.swift in Sources */ = {isa = PBXBuildFile; fileRef = 06EF75A92469741500BDA118 /* CreateTableProcessor.swift */; };
		06EF75AC2469742000BDA118 /* RetrieveProcessor.swift in Sources */ = {isa = PBXBuildFile; fileRef = 06EF75AB2469742000BDA118 /* RetrieveProcessor.swift */; };
		06EF75AE24697F2100BDA118 /* UpdateProcessor.swift in Sources */ = {isa = PBXBuildFile; fileRef = 06EF75AD24697F2100BDA118 /* UpdateProcessor.swift */; };
		06F71DF7234BEB17005554E9 /* ClassesForTesting.swift in Sources */ = {isa = PBXBuildFile; fileRef = 06F71DF6234BEB17005554E9 /* ClassesForTesting.swift */; };
		06F71DF9234BFBDE005554E9 /* SundeedQLiteErrorTests.swift in Sources */ = {isa = PBXBuildFile; fileRef = 06F71DF8234BFBDE005554E9 /* SundeedQLiteErrorTests.swift */; };
		06F8A17423490848001D1381 /* ViewController.swift in Sources */ = {isa = PBXBuildFile; fileRef = 06F8A17323490848001D1381 /* ViewController.swift */; };
		06F8A17723490848001D1381 /* Main.storyboard in Resources */ = {isa = PBXBuildFile; fileRef = 06F8A17523490848001D1381 /* Main.storyboard */; };
		06F8A1792349084B001D1381 /* Assets.xcassets in Resources */ = {isa = PBXBuildFile; fileRef = 06F8A1782349084B001D1381 /* Assets.xcassets */; };
		06F8A17C2349084B001D1381 /* LaunchScreen.storyboard in Resources */ = {isa = PBXBuildFile; fileRef = 06F8A17A2349084B001D1381 /* LaunchScreen.storyboard */; };
		06F8A1872349084B001D1381 /* SundeedQLiteLibraryTests.swift in Sources */ = {isa = PBXBuildFile; fileRef = 06F8A1862349084B001D1381 /* SundeedQLiteLibraryTests.swift */; };
		06F8A192234908A5001D1381 /* AppDelegate.swift in Sources */ = {isa = PBXBuildFile; fileRef = 06F8A191234908A5001D1381 /* AppDelegate.swift */; };
		06F8A19B234908C6001D1381 /* SundeedQLiteError.swift in Sources */ = {isa = PBXBuildFile; fileRef = 06F8A194234908C6001D1381 /* SundeedQLiteError.swift */; };
		06F8A19C234908C6001D1381 /* SundeedQLiteConnection.swift in Sources */ = {isa = PBXBuildFile; fileRef = 06F8A195234908C6001D1381 /* SundeedQLiteConnection.swift */; };
		06F8A19D234908C6001D1381 /* SundeedQLiter.swift in Sources */ = {isa = PBXBuildFile; fileRef = 06F8A196234908C6001D1381 /* SundeedQLiter.swift */; };
		06F8A19E234908C6001D1381 /* SundeedQLiteMap.swift in Sources */ = {isa = PBXBuildFile; fileRef = 06F8A197234908C6001D1381 /* SundeedQLiteMap.swift */; };
		06F8A19F234908C6001D1381 /* SundeedQLite.swift in Sources */ = {isa = PBXBuildFile; fileRef = 06F8A198234908C6001D1381 /* SundeedQLite.swift */; };
		06F8A1A0234908C6001D1381 /* SundeedQLiterLibrary.swift in Sources */ = {isa = PBXBuildFile; fileRef = 06F8A199234908C6001D1381 /* SundeedQLiterLibrary.swift */; };
		06F8A1A1234908C6001D1381 /* SundeedQLiteConverter.swift in Sources */ = {isa = PBXBuildFile; fileRef = 06F8A19A234908C6001D1381 /* SundeedQLiteConverter.swift */; };
/* End PBXBuildFile section */

/* Begin PBXContainerItemProxy section */
		06F8A1832349084B001D1381 /* PBXContainerItemProxy */ = {
			isa = PBXContainerItemProxy;
			containerPortal = 06F8A16623490848001D1381 /* Project object */;
			proxyType = 1;
			remoteGlobalIDString = 06F8A16D23490848001D1381;
			remoteInfo = SundeedQLiteLibrary;
		};
/* End PBXContainerItemProxy section */

/* Begin PBXFileReference section */
		061146562470787400E522A6 /* SundeedQLiteMap+Ordering.swift */ = {isa = PBXFileReference; lastKnownFileType = sourcecode.swift; path = "SundeedQLiteMap+Ordering.swift"; sourceTree = "<group>"; };
		061146582470794000E522A6 /* SundeedQLiteMap+Normal.swift */ = {isa = PBXFileReference; lastKnownFileType = sourcecode.swift; path = "SundeedQLiteMap+Normal.swift"; sourceTree = "<group>"; };
		0611465A247079D700E522A6 /* SundeedQLiteMap+Mandatory.swift */ = {isa = PBXFileReference; lastKnownFileType = sourcecode.swift; path = "SundeedQLiteMap+Mandatory.swift"; sourceTree = "<group>"; };
		0611465C24707A1000E522A6 /* SundeedQLiteMap+ArrayMandatory.swift */ = {isa = PBXFileReference; lastKnownFileType = sourcecode.swift; path = "SundeedQLiteMap+ArrayMandatory.swift"; sourceTree = "<group>"; };
		0611465E24707A3000E522A6 /* SundeedQLiteMap+Primary.swift */ = {isa = PBXFileReference; lastKnownFileType = sourcecode.swift; path = "SundeedQLiteMap+Primary.swift"; sourceTree = "<group>"; };
		0611466024707E9900E522A6 /* OperationTests.swift */ = {isa = PBXFileReference; lastKnownFileType = sourcecode.swift; path = OperationTests.swift; sourceTree = "<group>"; };
		06114662247081EF00E522A6 /* OperationTestsWithoutPrimaryKey.swift */ = {isa = PBXFileReference; lastKnownFileType = sourcecode.swift; path = OperationTestsWithoutPrimaryKey.swift; sourceTree = "<group>"; };
		062EE090246F2E410095C956 /* Statement.swift */ = {isa = PBXFileReference; fileEncoding = 4; lastKnownFileType = sourcecode.swift; path = Statement.swift; sourceTree = "<group>"; };
		06BB09E82474559600BB668B /* MandatoryOperatorTestWithoutData.swift */ = {isa = PBXFileReference; lastKnownFileType = sourcecode.swift; path = MandatoryOperatorTestWithoutData.swift; sourceTree = "<group>"; };
		06BB09EA247455E400BB668B /* MandatoryOperatorTestWithData.swift */ = {isa = PBXFileReference; lastKnownFileType = sourcecode.swift; path = MandatoryOperatorTestWithData.swift; sourceTree = "<group>"; };
		06BB09ED2474679500BB668B /* MandatoryClasses.swift */ = {isa = PBXFileReference; lastKnownFileType = sourcecode.swift; path = MandatoryClasses.swift; sourceTree = "<group>"; };
		06BB09F02474682600BB668B /* UpdateTests.swift */ = {isa = PBXFileReference; lastKnownFileType = sourcecode.swift; path = UpdateTests.swift; sourceTree = "<group>"; };
		06BB09F324746B3800BB668B /* ArrayMandatoryClasses.swift */ = {isa = PBXFileReference; lastKnownFileType = sourcecode.swift; path = ArrayMandatoryClasses.swift; sourceTree = "<group>"; };
		06BB09F524746BF800BB668B /* ArrayMandatoryTestWithData.swift */ = {isa = PBXFileReference; lastKnownFileType = sourcecode.swift; path = ArrayMandatoryTestWithData.swift; sourceTree = "<group>"; };
		06BB09F724746CDA00BB668B /* ArrayMandatoryTestWithNil.swift */ = {isa = PBXFileReference; lastKnownFileType = sourcecode.swift; path = ArrayMandatoryTestWithNil.swift; sourceTree = "<group>"; };
		06BB09F924746D4400BB668B /* ArrayMandatoryTestWithEmpty.swift */ = {isa = PBXFileReference; lastKnownFileType = sourcecode.swift; path = ArrayMandatoryTestWithEmpty.swift; sourceTree = "<group>"; };
		06BB09FC2474723900BB668B /* NoPrimariesClasses.swift */ = {isa = PBXFileReference; lastKnownFileType = sourcecode.swift; path = NoPrimariesClasses.swift; sourceTree = "<group>"; };
		06BB0A042474742E00BB668B /* Listeners.swift */ = {isa = PBXFileReference; fileEncoding = 4; lastKnownFileType = sourcecode.swift; path = Listeners.swift; sourceTree = "<group>"; };
		06EF75892467266E00BDA118 /* Processor.swift */ = {isa = PBXFileReference; lastKnownFileType = sourcecode.swift; path = Processor.swift; sourceTree = "<group>"; };
		06EF758C246727CB00BDA118 /* StatementBuilder.swift */ = {isa = PBXFileReference; lastKnownFileType = sourcecode.swift; path = StatementBuilder.swift; sourceTree = "<group>"; };
		06EF758E2467291500BDA118 /* CreateTableStatement.swift */ = {isa = PBXFileReference; lastKnownFileType = sourcecode.swift; path = CreateTableStatement.swift; sourceTree = "<group>"; };
		06EF7593246771FC00BDA118 /* Sundeed.swift */ = {isa = PBXFileReference; lastKnownFileType = sourcecode.swift; path = Sundeed.swift; sourceTree = "<group>"; };
		06EF759524677A0000BDA118 /* DeleteStatement.swift */ = {isa = PBXFileReference; lastKnownFileType = sourcecode.swift; path = DeleteStatement.swift; sourceTree = "<group>"; };
		06EF75972467848600BDA118 /* InsertStatement.swift */ = {isa = PBXFileReference; lastKnownFileType = sourcecode.swift; path = InsertStatement.swift; sourceTree = "<group>"; };
		06EF75992468123200BDA118 /* UpdateStatement.swift */ = {isa = PBXFileReference; lastKnownFileType = sourcecode.swift; path = UpdateStatement.swift; sourceTree = "<group>"; };
		06EF759B24681EBD00BDA118 /* SelectStatement.swift */ = {isa = PBXFileReference; lastKnownFileType = sourcecode.swift; path = SelectStatement.swift; sourceTree = "<group>"; };
		06EF75A4246973C600BDA118 /* ObjectWrapper.swift */ = {isa = PBXFileReference; lastKnownFileType = sourcecode.swift; path = ObjectWrapper.swift; sourceTree = "<group>"; };
		06EF75A72469740500BDA118 /* SaveProcessor.swift */ = {isa = PBXFileReference; lastKnownFileType = sourcecode.swift; path = SaveProcessor.swift; sourceTree = "<group>"; };
		06EF75A92469741500BDA118 /* CreateTableProcessor.swift */ = {isa = PBXFileReference; lastKnownFileType = sourcecode.swift; path = CreateTableProcessor.swift; sourceTree = "<group>"; };
		06EF75AB2469742000BDA118 /* RetrieveProcessor.swift */ = {isa = PBXFileReference; lastKnownFileType = sourcecode.swift; path = RetrieveProcessor.swift; sourceTree = "<group>"; };
		06EF75AD24697F2100BDA118 /* UpdateProcessor.swift */ = {isa = PBXFileReference; lastKnownFileType = sourcecode.swift; path = UpdateProcessor.swift; sourceTree = "<group>"; };
		06F71DF6234BEB17005554E9 /* ClassesForTesting.swift */ = {isa = PBXFileReference; lastKnownFileType = sourcecode.swift; path = ClassesForTesting.swift; sourceTree = "<group>"; };
		06F71DF8234BFBDE005554E9 /* SundeedQLiteErrorTests.swift */ = {isa = PBXFileReference; lastKnownFileType = sourcecode.swift; path = SundeedQLiteErrorTests.swift; sourceTree = "<group>"; };
		06F8A16E23490848001D1381 /* SundeedQLiteLibrary.app */ = {isa = PBXFileReference; explicitFileType = wrapper.application; includeInIndex = 0; path = SundeedQLiteLibrary.app; sourceTree = BUILT_PRODUCTS_DIR; };
		06F8A17323490848001D1381 /* ViewController.swift */ = {isa = PBXFileReference; lastKnownFileType = sourcecode.swift; path = ViewController.swift; sourceTree = "<group>"; };
		06F8A17623490848001D1381 /* Base */ = {isa = PBXFileReference; lastKnownFileType = file.storyboard; name = Base; path = Base.lproj/Main.storyboard; sourceTree = "<group>"; };
		06F8A1782349084B001D1381 /* Assets.xcassets */ = {isa = PBXFileReference; lastKnownFileType = folder.assetcatalog; path = Assets.xcassets; sourceTree = "<group>"; };
		06F8A17B2349084B001D1381 /* Base */ = {isa = PBXFileReference; lastKnownFileType = file.storyboard; name = Base; path = Base.lproj/LaunchScreen.storyboard; sourceTree = "<group>"; };
		06F8A17D2349084B001D1381 /* Info.plist */ = {isa = PBXFileReference; lastKnownFileType = text.plist.xml; path = Info.plist; sourceTree = "<group>"; };
		06F8A1822349084B001D1381 /* SundeedQLiteLibraryTests.xctest */ = {isa = PBXFileReference; explicitFileType = wrapper.cfbundle; includeInIndex = 0; path = SundeedQLiteLibraryTests.xctest; sourceTree = BUILT_PRODUCTS_DIR; };
		06F8A1862349084B001D1381 /* SundeedQLiteLibraryTests.swift */ = {isa = PBXFileReference; lastKnownFileType = sourcecode.swift; path = SundeedQLiteLibraryTests.swift; sourceTree = "<group>"; };
		06F8A1882349084B001D1381 /* Info.plist */ = {isa = PBXFileReference; lastKnownFileType = text.plist.xml; path = Info.plist; sourceTree = "<group>"; };
		06F8A191234908A5001D1381 /* AppDelegate.swift */ = {isa = PBXFileReference; fileEncoding = 4; lastKnownFileType = sourcecode.swift; path = AppDelegate.swift; sourceTree = "<group>"; };
		06F8A194234908C6001D1381 /* SundeedQLiteError.swift */ = {isa = PBXFileReference; fileEncoding = 4; lastKnownFileType = sourcecode.swift; path = SundeedQLiteError.swift; sourceTree = "<group>"; };
		06F8A195234908C6001D1381 /* SundeedQLiteConnection.swift */ = {isa = PBXFileReference; fileEncoding = 4; lastKnownFileType = sourcecode.swift; path = SundeedQLiteConnection.swift; sourceTree = "<group>"; };
		06F8A196234908C6001D1381 /* SundeedQLiter.swift */ = {isa = PBXFileReference; fileEncoding = 4; lastKnownFileType = sourcecode.swift; path = SundeedQLiter.swift; sourceTree = "<group>"; };
		06F8A197234908C6001D1381 /* SundeedQLiteMap.swift */ = {isa = PBXFileReference; fileEncoding = 4; lastKnownFileType = sourcecode.swift; path = SundeedQLiteMap.swift; sourceTree = "<group>"; };
		06F8A198234908C6001D1381 /* SundeedQLite.swift */ = {isa = PBXFileReference; fileEncoding = 4; lastKnownFileType = sourcecode.swift; path = SundeedQLite.swift; sourceTree = "<group>"; };
		06F8A199234908C6001D1381 /* SundeedQLiterLibrary.swift */ = {isa = PBXFileReference; fileEncoding = 4; lastKnownFileType = sourcecode.swift; path = SundeedQLiterLibrary.swift; sourceTree = "<group>"; };
		06F8A19A234908C6001D1381 /* SundeedQLiteConverter.swift */ = {isa = PBXFileReference; fileEncoding = 4; lastKnownFileType = sourcecode.swift; path = SundeedQLiteConverter.swift; sourceTree = "<group>"; };
/* End PBXFileReference section */

/* Begin PBXFrameworksBuildPhase section */
		06F8A16B23490848001D1381 /* Frameworks */ = {
			isa = PBXFrameworksBuildPhase;
			buildActionMask = 2147483647;
			files = (
			);
			runOnlyForDeploymentPostprocessing = 0;
		};
		06F8A17F2349084B001D1381 /* Frameworks */ = {
			isa = PBXFrameworksBuildPhase;
			buildActionMask = 2147483647;
			files = (
			);
			runOnlyForDeploymentPostprocessing = 0;
		};
/* End PBXFrameworksBuildPhase section */

/* Begin PBXGroup section */
		061146552470786000E522A6 /* Map */ = {
			isa = PBXGroup;
			children = (
				06F8A197234908C6001D1381 /* SundeedQLiteMap.swift */,
				061146562470787400E522A6 /* SundeedQLiteMap+Ordering.swift */,
				061146582470794000E522A6 /* SundeedQLiteMap+Normal.swift */,
				0611465A247079D700E522A6 /* SundeedQLiteMap+Mandatory.swift */,
				0611465C24707A1000E522A6 /* SundeedQLiteMap+ArrayMandatory.swift */,
				0611465E24707A3000E522A6 /* SundeedQLiteMap+Primary.swift */,
			);
			path = Map;
			sourceTree = "<group>";
		};
		06BB09EC2474676800BB668B /* Mandatory Operator */ = {
			isa = PBXGroup;
			children = (
				06BB09E82474559600BB668B /* MandatoryOperatorTestWithoutData.swift */,
				06BB09EA247455E400BB668B /* MandatoryOperatorTestWithData.swift */,
				06BB09ED2474679500BB668B /* MandatoryClasses.swift */,
			);
			path = "Mandatory Operator";
			sourceTree = "<group>";
		};
		06BB09EF2474681100BB668B /* Updates */ = {
			isa = PBXGroup;
			children = (
				06BB09F02474682600BB668B /* UpdateTests.swift */,
			);
			path = Updates;
			sourceTree = "<group>";
		};
		06BB09F224746AB500BB668B /* Mandatory Array Operator */ = {
			isa = PBXGroup;
			children = (
				06BB09F324746B3800BB668B /* ArrayMandatoryClasses.swift */,
				06BB09F524746BF800BB668B /* ArrayMandatoryTestWithData.swift */,
				06BB09F724746CDA00BB668B /* ArrayMandatoryTestWithNil.swift */,
				06BB09F924746D4400BB668B /* ArrayMandatoryTestWithEmpty.swift */,
			);
			path = "Mandatory Array Operator";
			sourceTree = "<group>";
		};
		06BB09FB2474720000BB668B /* No Primary Keys */ = {
			isa = PBXGroup;
			children = (
				06114662247081EF00E522A6 /* OperationTestsWithoutPrimaryKey.swift */,
				06BB09FC2474723900BB668B /* NoPrimariesClasses.swift */,
			);
			path = "No Primary Keys";
			sourceTree = "<group>";
		};
		06BB09FE2474728500BB668B /* Listeners */ = {
			isa = PBXGroup;
			children = (
				06BB0A042474742E00BB668B /* Listeners.swift */,
			);
			path = Listeners;
			sourceTree = "<group>";
		};
		06BB0A012474736100BB668B /* Main */ = {
			isa = PBXGroup;
			children = (
				06F8A1862349084B001D1381 /* SundeedQLiteLibraryTests.swift */,
			);
			path = Main;
			sourceTree = "<group>";
		};
		06BB0A022474736800BB668B /* Operations */ = {
			isa = PBXGroup;
			children = (
				0611466024707E9900E522A6 /* OperationTests.swift */,
			);
			path = Operations;
			sourceTree = "<group>";
		};
		06BB0A032474737500BB668B /* ErrorCodes */ = {
			isa = PBXGroup;
			children = (
				06F71DF8234BFBDE005554E9 /* SundeedQLiteErrorTests.swift */,
			);
			path = ErrorCodes;
			sourceTree = "<group>";
		};
		06CCAB262465B00900DDBA83 /* Main */ = {
			isa = PBXGroup;
			children = (
				06EF75A3246973AB00BDA118 /* Processor */,
				06EF758B246727BC00BDA118 /* Statements */,
				06F8A199234908C6001D1381 /* SundeedQLiterLibrary.swift */,
				06F8A195234908C6001D1381 /* SundeedQLiteConnection.swift */,
				06F8A194234908C6001D1381 /* SundeedQLiteError.swift */,
				06EF7593246771FC00BDA118 /* Sundeed.swift */,
			);
			path = Main;
			sourceTree = "<group>";
		};
		06CCAB272465B03800DDBA83 /* ClassHandler */ = {
			isa = PBXGroup;
			children = (
				061146552470786000E522A6 /* Map */,
				06F8A19A234908C6001D1381 /* SundeedQLiteConverter.swift */,
				06F8A198234908C6001D1381 /* SundeedQLite.swift */,
				06F8A196234908C6001D1381 /* SundeedQLiter.swift */,
			);
			path = ClassHandler;
			sourceTree = "<group>";
		};
		06EF758B246727BC00BDA118 /* Statements */ = {
			isa = PBXGroup;
			children = (
				062EE090246F2E410095C956 /* Statement.swift */,
				06EF758C246727CB00BDA118 /* StatementBuilder.swift */,
				06EF758E2467291500BDA118 /* CreateTableStatement.swift */,
				06EF759524677A0000BDA118 /* DeleteStatement.swift */,
				06EF75972467848600BDA118 /* InsertStatement.swift */,
				06EF75992468123200BDA118 /* UpdateStatement.swift */,
				06EF759B24681EBD00BDA118 /* SelectStatement.swift */,
			);
			path = Statements;
			sourceTree = "<group>";
		};
		06EF75A3246973AB00BDA118 /* Processor */ = {
			isa = PBXGroup;
			children = (
				06EF75A6246973F300BDA118 /* Processors */,
				06EF75A4246973C600BDA118 /* ObjectWrapper.swift */,
				06EF75892467266E00BDA118 /* Processor.swift */,
			);
			path = Processor;
			sourceTree = "<group>";
		};
		06EF75A6246973F300BDA118 /* Processors */ = {
			isa = PBXGroup;
			children = (
				06EF75A72469740500BDA118 /* SaveProcessor.swift */,
				06EF75A92469741500BDA118 /* CreateTableProcessor.swift */,
				06EF75AB2469742000BDA118 /* RetrieveProcessor.swift */,
				06EF75AD24697F2100BDA118 /* UpdateProcessor.swift */,
			);
			path = Processors;
			sourceTree = "<group>";
		};
		06F8A16523490848001D1381 = {
			isa = PBXGroup;
			children = (
				06F8A193234908C6001D1381 /* Library */,
				06F8A17023490848001D1381 /* SundeedQLiteLibrary */,
				06F8A1852349084B001D1381 /* SundeedQLiteLibraryTests */,
				06F8A16F23490848001D1381 /* Products */,
			);
			sourceTree = "<group>";
		};
		06F8A16F23490848001D1381 /* Products */ = {
			isa = PBXGroup;
			children = (
				06F8A16E23490848001D1381 /* SundeedQLiteLibrary.app */,
				06F8A1822349084B001D1381 /* SundeedQLiteLibraryTests.xctest */,
			);
			name = Products;
			sourceTree = "<group>";
		};
		06F8A17023490848001D1381 /* SundeedQLiteLibrary */ = {
			isa = PBXGroup;
			children = (
				06F8A191234908A5001D1381 /* AppDelegate.swift */,
				06F8A17323490848001D1381 /* ViewController.swift */,
				06F8A17523490848001D1381 /* Main.storyboard */,
				06F8A1782349084B001D1381 /* Assets.xcassets */,
				06F8A17A2349084B001D1381 /* LaunchScreen.storyboard */,
				06F8A17D2349084B001D1381 /* Info.plist */,
			);
			path = SundeedQLiteLibrary;
			sourceTree = "<group>";
		};
		06F8A1852349084B001D1381 /* SundeedQLiteLibraryTests */ = {
			isa = PBXGroup;
			children = (
				06BB0A032474737500BB668B /* ErrorCodes */,
				06BB0A022474736800BB668B /* Operations */,
				06BB0A012474736100BB668B /* Main */,
				06BB09FE2474728500BB668B /* Listeners */,
				06BB09FB2474720000BB668B /* No Primary Keys */,
				06BB09F224746AB500BB668B /* Mandatory Array Operator */,
				06BB09EF2474681100BB668B /* Updates */,
				06BB09EC2474676800BB668B /* Mandatory Operator */,
				06F8A1882349084B001D1381 /* Info.plist */,
				06F71DF6234BEB17005554E9 /* ClassesForTesting.swift */,
			);
			path = SundeedQLiteLibraryTests;
			sourceTree = "<group>";
		};
		06F8A193234908C6001D1381 /* Library */ = {
			isa = PBXGroup;
			children = (
				06CCAB262465B00900DDBA83 /* Main */,
				06CCAB272465B03800DDBA83 /* ClassHandler */,
			);
			path = Library;
			sourceTree = "<group>";
		};
/* End PBXGroup section */

/* Begin PBXNativeTarget section */
		06F8A16D23490848001D1381 /* SundeedQLiteLibrary */ = {
			isa = PBXNativeTarget;
			buildConfigurationList = 06F8A18B2349084B001D1381 /* Build configuration list for PBXNativeTarget "SundeedQLiteLibrary" */;
			buildPhases = (
				06F8A16A23490848001D1381 /* Sources */,
				06F8A16B23490848001D1381 /* Frameworks */,
				06F8A16C23490848001D1381 /* Resources */,
			);
			buildRules = (
			);
			dependencies = (
			);
			name = SundeedQLiteLibrary;
			productName = SundeedQLiteLibrary;
			productReference = 06F8A16E23490848001D1381 /* SundeedQLiteLibrary.app */;
			productType = "com.apple.product-type.application";
		};
		06F8A1812349084B001D1381 /* SundeedQLiteLibraryTests */ = {
			isa = PBXNativeTarget;
			buildConfigurationList = 06F8A18E2349084B001D1381 /* Build configuration list for PBXNativeTarget "SundeedQLiteLibraryTests" */;
			buildPhases = (
				06F8A17E2349084B001D1381 /* Sources */,
				06F8A17F2349084B001D1381 /* Frameworks */,
				06F8A1802349084B001D1381 /* Resources */,
			);
			buildRules = (
			);
			dependencies = (
				06F8A1842349084B001D1381 /* PBXTargetDependency */,
			);
			name = SundeedQLiteLibraryTests;
			productName = SundeedQLiteLibraryTests;
			productReference = 06F8A1822349084B001D1381 /* SundeedQLiteLibraryTests.xctest */;
			productType = "com.apple.product-type.bundle.unit-test";
		};
/* End PBXNativeTarget section */

/* Begin PBXProject section */
		06F8A16623490848001D1381 /* Project object */ = {
			isa = PBXProject;
			attributes = {
				LastSwiftUpdateCheck = 1030;
				LastUpgradeCheck = 1030;
				ORGANIZATIONNAME = LUMBERCODE;
				TargetAttributes = {
					06F8A16D23490848001D1381 = {
						CreatedOnToolsVersion = 10.3;
					};
					06F8A1812349084B001D1381 = {
						CreatedOnToolsVersion = 10.3;
						TestTargetID = 06F8A16D23490848001D1381;
					};
				};
			};
			buildConfigurationList = 06F8A16923490848001D1381 /* Build configuration list for PBXProject "SundeedQLiteLibrary" */;
			compatibilityVersion = "Xcode 9.3";
			developmentRegion = en;
			hasScannedForEncodings = 0;
			knownRegions = (
				en,
				Base,
			);
			mainGroup = 06F8A16523490848001D1381;
			productRefGroup = 06F8A16F23490848001D1381 /* Products */;
			projectDirPath = "";
			projectRoot = "";
			targets = (
				06F8A16D23490848001D1381 /* SundeedQLiteLibrary */,
				06F8A1812349084B001D1381 /* SundeedQLiteLibraryTests */,
			);
		};
/* End PBXProject section */

/* Begin PBXResourcesBuildPhase section */
		06F8A16C23490848001D1381 /* Resources */ = {
			isa = PBXResourcesBuildPhase;
			buildActionMask = 2147483647;
			files = (
				06F8A17C2349084B001D1381 /* LaunchScreen.storyboard in Resources */,
				06F8A1792349084B001D1381 /* Assets.xcassets in Resources */,
				06F8A17723490848001D1381 /* Main.storyboard in Resources */,
			);
			runOnlyForDeploymentPostprocessing = 0;
		};
		06F8A1802349084B001D1381 /* Resources */ = {
			isa = PBXResourcesBuildPhase;
			buildActionMask = 2147483647;
			files = (
			);
			runOnlyForDeploymentPostprocessing = 0;
		};
/* End PBXResourcesBuildPhase section */

/* Begin PBXSourcesBuildPhase section */
		06F8A16A23490848001D1381 /* Sources */ = {
			isa = PBXSourcesBuildPhase;
			buildActionMask = 2147483647;
			files = (
				06EF75AA2469741500BDA118 /* CreateTableProcessor.swift in Sources */,
				062EE091246F2E410095C956 /* Statement.swift in Sources */,
				06EF75AC2469742000BDA118 /* RetrieveProcessor.swift in Sources */,
				061146572470787400E522A6 /* SundeedQLiteMap+Ordering.swift in Sources */,
				06EF75AE24697F2100BDA118 /* UpdateProcessor.swift in Sources */,
				06F8A19C234908C6001D1381 /* SundeedQLiteConnection.swift in Sources */,
				06F8A192234908A5001D1381 /* AppDelegate.swift in Sources */,
				06EF758F2467291500BDA118 /* CreateTableStatement.swift in Sources */,
				0611465F24707A3000E522A6 /* SundeedQLiteMap+Primary.swift in Sources */,
				06EF75A5246973C600BDA118 /* ObjectWrapper.swift in Sources */,
				06EF7594246771FC00BDA118 /* Sundeed.swift in Sources */,
				0611465D24707A1000E522A6 /* SundeedQLiteMap+ArrayMandatory.swift in Sources */,
				06F8A19F234908C6001D1381 /* SundeedQLite.swift in Sources */,
				061146592470794000E522A6 /* SundeedQLiteMap+Normal.swift in Sources */,
				06EF758A2467266E00BDA118 /* Processor.swift in Sources */,
				06EF759C24681EBD00BDA118 /* SelectStatement.swift in Sources */,
				06F8A1A0234908C6001D1381 /* SundeedQLiterLibrary.swift in Sources */,
				06EF75982467848600BDA118 /* InsertStatement.swift in Sources */,
				06F8A17423490848001D1381 /* ViewController.swift in Sources */,
				06F8A1A1234908C6001D1381 /* SundeedQLiteConverter.swift in Sources */,
				06F8A19D234908C6001D1381 /* SundeedQLiter.swift in Sources */,
				0611465B247079D700E522A6 /* SundeedQLiteMap+Mandatory.swift in Sources */,
				06F8A19B234908C6001D1381 /* SundeedQLiteError.swift in Sources */,
				06EF75A82469740500BDA118 /* SaveProcessor.swift in Sources */,
				06EF758D246727CB00BDA118 /* StatementBuilder.swift in Sources */,
				06EF759624677A0000BDA118 /* DeleteStatement.swift in Sources */,
				06F8A19E234908C6001D1381 /* SundeedQLiteMap.swift in Sources */,
				06EF759A2468123200BDA118 /* UpdateStatement.swift in Sources */,
			);
			runOnlyForDeploymentPostprocessing = 0;
		};
		06F8A17E2349084B001D1381 /* Sources */ = {
			isa = PBXSourcesBuildPhase;
			buildActionMask = 2147483647;
			files = (
				06BB09EB247455E400BB668B /* MandatoryOperatorTestWithData.swift in Sources */,
				06BB09FA24746D4400BB668B /* ArrayMandatoryTestWithEmpty.swift in Sources */,
				06BB09FD2474723900BB668B /* NoPrimariesClasses.swift in Sources */,
				06F71DF9234BFBDE005554E9 /* SundeedQLiteErrorTests.swift in Sources */,
				06BB09F624746BF800BB668B /* ArrayMandatoryTestWithData.swift in Sources */,
				06BB0A052474742E00BB668B /* Listeners.swift in Sources */,
				06BB09F424746B3800BB668B /* ArrayMandatoryClasses.swift in Sources */,
				06BB09F12474682600BB668B /* UpdateTests.swift in Sources */,
				06F8A1872349084B001D1381 /* SundeedQLiteLibraryTests.swift in Sources */,
				06F71DF7234BEB17005554E9 /* ClassesForTesting.swift in Sources */,
				06BB09E92474559600BB668B /* MandatoryOperatorTestWithoutData.swift in Sources */,
				06114663247081EF00E522A6 /* OperationTestsWithoutPrimaryKey.swift in Sources */,
				06BB09EE2474679500BB668B /* MandatoryClasses.swift in Sources */,
				0611466124707E9900E522A6 /* OperationTests.swift in Sources */,
				06BB09F824746CDA00BB668B /* ArrayMandatoryTestWithNil.swift in Sources */,
			);
			runOnlyForDeploymentPostprocessing = 0;
		};
/* End PBXSourcesBuildPhase section */

/* Begin PBXTargetDependency section */
		06F8A1842349084B001D1381 /* PBXTargetDependency */ = {
			isa = PBXTargetDependency;
			target = 06F8A16D23490848001D1381 /* SundeedQLiteLibrary */;
			targetProxy = 06F8A1832349084B001D1381 /* PBXContainerItemProxy */;
		};
/* End PBXTargetDependency section */

/* Begin PBXVariantGroup section */
		06F8A17523490848001D1381 /* Main.storyboard */ = {
			isa = PBXVariantGroup;
			children = (
				06F8A17623490848001D1381 /* Base */,
			);
			name = Main.storyboard;
			sourceTree = "<group>";
		};
		06F8A17A2349084B001D1381 /* LaunchScreen.storyboard */ = {
			isa = PBXVariantGroup;
			children = (
				06F8A17B2349084B001D1381 /* Base */,
			);
			name = LaunchScreen.storyboard;
			sourceTree = "<group>";
		};
/* End PBXVariantGroup section */

/* Begin XCBuildConfiguration section */
		06F8A1892349084B001D1381 /* Debug */ = {
			isa = XCBuildConfiguration;
			buildSettings = {
				ALWAYS_SEARCH_USER_PATHS = NO;
				CLANG_ANALYZER_NONNULL = YES;
				CLANG_ANALYZER_NUMBER_OBJECT_CONVERSION = YES_AGGRESSIVE;
				CLANG_CXX_LANGUAGE_STANDARD = "gnu++14";
				CLANG_CXX_LIBRARY = "libc++";
				CLANG_ENABLE_MODULES = YES;
				CLANG_ENABLE_OBJC_ARC = YES;
				CLANG_ENABLE_OBJC_WEAK = YES;
				CLANG_WARN_BLOCK_CAPTURE_AUTORELEASING = YES;
				CLANG_WARN_BOOL_CONVERSION = YES;
				CLANG_WARN_COMMA = YES;
				CLANG_WARN_CONSTANT_CONVERSION = YES;
				CLANG_WARN_DEPRECATED_OBJC_IMPLEMENTATIONS = YES;
				CLANG_WARN_DIRECT_OBJC_ISA_USAGE = YES_ERROR;
				CLANG_WARN_DOCUMENTATION_COMMENTS = YES;
				CLANG_WARN_EMPTY_BODY = YES;
				CLANG_WARN_ENUM_CONVERSION = YES;
				CLANG_WARN_INFINITE_RECURSION = YES;
				CLANG_WARN_INT_CONVERSION = YES;
				CLANG_WARN_NON_LITERAL_NULL_CONVERSION = YES;
				CLANG_WARN_OBJC_IMPLICIT_RETAIN_SELF = YES;
				CLANG_WARN_OBJC_LITERAL_CONVERSION = YES;
				CLANG_WARN_OBJC_ROOT_CLASS = YES_ERROR;
				CLANG_WARN_RANGE_LOOP_ANALYSIS = YES;
				CLANG_WARN_STRICT_PROTOTYPES = YES;
				CLANG_WARN_SUSPICIOUS_MOVE = YES;
				CLANG_WARN_UNGUARDED_AVAILABILITY = YES_AGGRESSIVE;
				CLANG_WARN_UNREACHABLE_CODE = YES;
				CLANG_WARN__DUPLICATE_METHOD_MATCH = YES;
				CODE_SIGN_IDENTITY = "iPhone Developer";
				COPY_PHASE_STRIP = NO;
				DEBUG_INFORMATION_FORMAT = dwarf;
				ENABLE_STRICT_OBJC_MSGSEND = YES;
				ENABLE_TESTABILITY = YES;
				GCC_C_LANGUAGE_STANDARD = gnu11;
				GCC_DYNAMIC_NO_PIC = NO;
				GCC_NO_COMMON_BLOCKS = YES;
				GCC_OPTIMIZATION_LEVEL = 0;
				GCC_PREPROCESSOR_DEFINITIONS = (
					"DEBUG=1",
					"$(inherited)",
				);
				GCC_WARN_64_TO_32_BIT_CONVERSION = YES;
				GCC_WARN_ABOUT_RETURN_TYPE = YES_ERROR;
				GCC_WARN_UNDECLARED_SELECTOR = YES;
				GCC_WARN_UNINITIALIZED_AUTOS = YES_AGGRESSIVE;
				GCC_WARN_UNUSED_FUNCTION = YES;
				GCC_WARN_UNUSED_VARIABLE = YES;
				IPHONEOS_DEPLOYMENT_TARGET = 12.4;
				MTL_ENABLE_DEBUG_INFO = INCLUDE_SOURCE;
				MTL_FAST_MATH = YES;
				ONLY_ACTIVE_ARCH = YES;
				SDKROOT = iphoneos;
				SWIFT_ACTIVE_COMPILATION_CONDITIONS = DEBUG;
				SWIFT_OPTIMIZATION_LEVEL = "-Onone";
			};
			name = Debug;
		};
		06F8A18A2349084B001D1381 /* Release */ = {
			isa = XCBuildConfiguration;
			buildSettings = {
				ALWAYS_SEARCH_USER_PATHS = NO;
				CLANG_ANALYZER_NONNULL = YES;
				CLANG_ANALYZER_NUMBER_OBJECT_CONVERSION = YES_AGGRESSIVE;
				CLANG_CXX_LANGUAGE_STANDARD = "gnu++14";
				CLANG_CXX_LIBRARY = "libc++";
				CLANG_ENABLE_MODULES = YES;
				CLANG_ENABLE_OBJC_ARC = YES;
				CLANG_ENABLE_OBJC_WEAK = YES;
				CLANG_WARN_BLOCK_CAPTURE_AUTORELEASING = YES;
				CLANG_WARN_BOOL_CONVERSION = YES;
				CLANG_WARN_COMMA = YES;
				CLANG_WARN_CONSTANT_CONVERSION = YES;
				CLANG_WARN_DEPRECATED_OBJC_IMPLEMENTATIONS = YES;
				CLANG_WARN_DIRECT_OBJC_ISA_USAGE = YES_ERROR;
				CLANG_WARN_DOCUMENTATION_COMMENTS = YES;
				CLANG_WARN_EMPTY_BODY = YES;
				CLANG_WARN_ENUM_CONVERSION = YES;
				CLANG_WARN_INFINITE_RECURSION = YES;
				CLANG_WARN_INT_CONVERSION = YES;
				CLANG_WARN_NON_LITERAL_NULL_CONVERSION = YES;
				CLANG_WARN_OBJC_IMPLICIT_RETAIN_SELF = YES;
				CLANG_WARN_OBJC_LITERAL_CONVERSION = YES;
				CLANG_WARN_OBJC_ROOT_CLASS = YES_ERROR;
				CLANG_WARN_RANGE_LOOP_ANALYSIS = YES;
				CLANG_WARN_STRICT_PROTOTYPES = YES;
				CLANG_WARN_SUSPICIOUS_MOVE = YES;
				CLANG_WARN_UNGUARDED_AVAILABILITY = YES_AGGRESSIVE;
				CLANG_WARN_UNREACHABLE_CODE = YES;
				CLANG_WARN__DUPLICATE_METHOD_MATCH = YES;
				CODE_SIGN_IDENTITY = "iPhone Developer";
				COPY_PHASE_STRIP = NO;
				DEBUG_INFORMATION_FORMAT = "dwarf-with-dsym";
				ENABLE_NS_ASSERTIONS = NO;
				ENABLE_STRICT_OBJC_MSGSEND = YES;
				GCC_C_LANGUAGE_STANDARD = gnu11;
				GCC_NO_COMMON_BLOCKS = YES;
				GCC_WARN_64_TO_32_BIT_CONVERSION = YES;
				GCC_WARN_ABOUT_RETURN_TYPE = YES_ERROR;
				GCC_WARN_UNDECLARED_SELECTOR = YES;
				GCC_WARN_UNINITIALIZED_AUTOS = YES_AGGRESSIVE;
				GCC_WARN_UNUSED_FUNCTION = YES;
				GCC_WARN_UNUSED_VARIABLE = YES;
				IPHONEOS_DEPLOYMENT_TARGET = 12.4;
				MTL_ENABLE_DEBUG_INFO = NO;
				MTL_FAST_MATH = YES;
				SDKROOT = iphoneos;
				SWIFT_COMPILATION_MODE = wholemodule;
				SWIFT_OPTIMIZATION_LEVEL = "-O";
				VALIDATE_PRODUCT = YES;
			};
			name = Release;
		};
		06F8A18C2349084B001D1381 /* Debug */ = {
			isa = XCBuildConfiguration;
			buildSettings = {
				ASSETCATALOG_COMPILER_APPICON_NAME = AppIcon;
				CODE_SIGN_STYLE = Automatic;
				DEVELOPMENT_TEAM = K897Z868JW;
				INFOPLIST_FILE = SundeedQLiteLibrary/Info.plist;
				LD_RUNPATH_SEARCH_PATHS = (
					"$(inherited)",
					"@executable_path/Frameworks",
				);
				OTHER_SWIFT_FLAGS = "-Xfrontend -warn-long-expression-type-checking=200 -Xfrontend -warn-long-function-bodies=200";
				PRODUCT_BUNDLE_IDENTIFIER = com.LUMBERCODE.SundeedQLiteLibrary;
				PRODUCT_NAME = "$(TARGET_NAME)";
				SWIFT_VERSION = 5.0;
				TARGETED_DEVICE_FAMILY = "1,2";
			};
			name = Debug;
		};
		06F8A18D2349084B001D1381 /* Release */ = {
			isa = XCBuildConfiguration;
			buildSettings = {
				ASSETCATALOG_COMPILER_APPICON_NAME = AppIcon;
				CODE_SIGN_STYLE = Automatic;
				DEVELOPMENT_TEAM = K897Z868JW;
				INFOPLIST_FILE = SundeedQLiteLibrary/Info.plist;
				LD_RUNPATH_SEARCH_PATHS = (
					"$(inherited)",
					"@executable_path/Frameworks",
				);
				OTHER_SWIFT_FLAGS = "-Xfrontend -warn-long-expression-type-checking=200 -Xfrontend -warn-long-function-bodies=200";
				PRODUCT_BUNDLE_IDENTIFIER = com.LUMBERCODE.SundeedQLiteLibrary;
				PRODUCT_NAME = "$(TARGET_NAME)";
				SWIFT_VERSION = 5.0;
				TARGETED_DEVICE_FAMILY = "1,2";
			};
			name = Release;
		};
		06F8A18F2349084B001D1381 /* Debug */ = {
			isa = XCBuildConfiguration;
			buildSettings = {
				ALWAYS_EMBED_SWIFT_STANDARD_LIBRARIES = YES;
				BUNDLE_LOADER = "$(TEST_HOST)";
				CODE_SIGN_STYLE = Automatic;
				DEVELOPMENT_TEAM = K897Z868JW;
				INFOPLIST_FILE = SundeedQLiteLibraryTests/Info.plist;
				LD_RUNPATH_SEARCH_PATHS = (
					"$(inherited)",
					"@executable_path/Frameworks",
					"@loader_path/Frameworks",
				);
				PRODUCT_BUNDLE_IDENTIFIER = com.LUMBERCODE.SundeedQLiteLibraryTests;
				PRODUCT_NAME = "$(TARGET_NAME)";
				SWIFT_VERSION = 5.0;
				TARGETED_DEVICE_FAMILY = "1,2";
				TEST_HOST = "$(BUILT_PRODUCTS_DIR)/SundeedQLiteLibrary.app/SundeedQLiteLibrary";
			};
			name = Debug;
		};
		06F8A1902349084B001D1381 /* Release */ = {
			isa = XCBuildConfiguration;
			buildSettings = {
				ALWAYS_EMBED_SWIFT_STANDARD_LIBRARIES = YES;
				BUNDLE_LOADER = "$(TEST_HOST)";
				CODE_SIGN_STYLE = Automatic;
				DEVELOPMENT_TEAM = K897Z868JW;
				INFOPLIST_FILE = SundeedQLiteLibraryTests/Info.plist;
				LD_RUNPATH_SEARCH_PATHS = (
					"$(inherited)",
					"@executable_path/Frameworks",
					"@loader_path/Frameworks",
				);
				PRODUCT_BUNDLE_IDENTIFIER = com.LUMBERCODE.SundeedQLiteLibraryTests;
				PRODUCT_NAME = "$(TARGET_NAME)";
				SWIFT_VERSION = 5.0;
				TARGETED_DEVICE_FAMILY = "1,2";
				TEST_HOST = "$(BUILT_PRODUCTS_DIR)/SundeedQLiteLibrary.app/SundeedQLiteLibrary";
			};
			name = Release;
		};
/* End XCBuildConfiguration section */

/* Begin XCConfigurationList section */
		06F8A16923490848001D1381 /* Build configuration list for PBXProject "SundeedQLiteLibrary" */ = {
			isa = XCConfigurationList;
			buildConfigurations = (
				06F8A1892349084B001D1381 /* Debug */,
				06F8A18A2349084B001D1381 /* Release */,
			);
			defaultConfigurationIsVisible = 0;
			defaultConfigurationName = Release;
		};
		06F8A18B2349084B001D1381 /* Build configuration list for PBXNativeTarget "SundeedQLiteLibrary" */ = {
			isa = XCConfigurationList;
			buildConfigurations = (
				06F8A18C2349084B001D1381 /* Debug */,
				06F8A18D2349084B001D1381 /* Release */,
			);
			defaultConfigurationIsVisible = 0;
			defaultConfigurationName = Release;
		};
		06F8A18E2349084B001D1381 /* Build configuration list for PBXNativeTarget "SundeedQLiteLibraryTests" */ = {
			isa = XCConfigurationList;
			buildConfigurations = (
				06F8A18F2349084B001D1381 /* Debug */,
				06F8A1902349084B001D1381 /* Release */,
			);
			defaultConfigurationIsVisible = 0;
			defaultConfigurationName = Release;
		};
/* End XCConfigurationList section */
	};
	rootObject = 06F8A16623490848001D1381 /* Project object */;
}
