// !$*UTF8*$!
{
	archiveVersion = 1;
	classes = {
	};
	objectVersion = 51;
	objects = {

/* Begin PBXBuildFile section */
		067B16002348DF6E007D1213 /* AppDelegate.swift in Sources */ = {isa = PBXBuildFile; fileRef = 067B15FF2348DF6E007D1213 /* AppDelegate.swift */; };
		067B16022348DF6E007D1213 /* ViewController.swift in Sources */ = {isa = PBXBuildFile; fileRef = 067B16012348DF6E007D1213 /* ViewController.swift */; };
		067B16052348DF6E007D1213 /* Main.storyboard in Resources */ = {isa = PBXBuildFile; fileRef = 067B16032348DF6E007D1213 /* Main.storyboard */; };
		067B16072348DF6F007D1213 /* Assets.xcassets in Resources */ = {isa = PBXBuildFile; fileRef = 067B16062348DF6F007D1213 /* Assets.xcassets */; };
		067B160A2348DF6F007D1213 /* LaunchScreen.storyboard in Resources */ = {isa = PBXBuildFile; fileRef = 067B16082348DF6F007D1213 /* LaunchScreen.storyboard */; };
		067B16132348DFD6007D1213 /* Employer.swift in Sources */ = {isa = PBXBuildFile; fileRef = 067B16122348DFD6007D1213 /* Employer.swift */; };
		067B16152348E003007D1213 /* Employee.swift in Sources */ = {isa = PBXBuildFile; fileRef = 067B16142348E003007D1213 /* Employee.swift */; };
		FCD02D0665172E7B8F3D0C8C /* Pods_SundeedQLiteExample.framework in Frameworks */ = {isa = PBXBuildFile; fileRef = E1FE1EE219DF59D7A9B2D17D /* Pods_SundeedQLiteExample.framework */; };
/* End PBXBuildFile section */

/* Begin PBXFileReference section */
		067B15FC2348DF6E007D1213 /* SundeedQLiteExample.app */ = {isa = PBXFileReference; explicitFileType = wrapper.application; includeInIndex = 0; path = SundeedQLiteExample.app; sourceTree = BUILT_PRODUCTS_DIR; };
		067B15FF2348DF6E007D1213 /* AppDelegate.swift */ = {isa = PBXFileReference; lastKnownFileType = sourcecode.swift; path = AppDelegate.swift; sourceTree = "<group>"; };
		067B16012348DF6E007D1213 /* ViewController.swift */ = {isa = PBXFileReference; lastKnownFileType = sourcecode.swift; path = ViewController.swift; sourceTree = "<group>"; };
		067B16042348DF6E007D1213 /* Base */ = {isa = PBXFileReference; lastKnownFileType = file.storyboard; name = Base; path = Base.lproj/Main.storyboard; sourceTree = "<group>"; };
		067B16062348DF6F007D1213 /* Assets.xcassets */ = {isa = PBXFileReference; lastKnownFileType = folder.assetcatalog; path = Assets.xcassets; sourceTree = "<group>"; };
		067B16092348DF6F007D1213 /* Base */ = {isa = PBXFileReference; lastKnownFileType = file.storyboard; name = Base; path = Base.lproj/LaunchScreen.storyboard; sourceTree = "<group>"; };
		067B160B2348DF6F007D1213 /* Info.plist */ = {isa = PBXFileReference; lastKnownFileType = text.plist.xml; path = Info.plist; sourceTree = "<group>"; };
		067B16122348DFD6007D1213 /* Employer.swift */ = {isa = PBXFileReference; lastKnownFileType = sourcecode.swift; path = Employer.swift; sourceTree = "<group>"; };
		067B16142348E003007D1213 /* Employee.swift */ = {isa = PBXFileReference; lastKnownFileType = sourcecode.swift; path = Employee.swift; sourceTree = "<group>"; };
		23E6A9347BB7FEA409C79F9B /* Pods-SundeedQLiteExample.debug.xcconfig */ = {isa = PBXFileReference; includeInIndex = 1; lastKnownFileType = text.xcconfig; name = "Pods-SundeedQLiteExample.debug.xcconfig"; path = "Target Support Files/Pods-SundeedQLiteExample/Pods-SundeedQLiteExample.debug.xcconfig"; sourceTree = "<group>"; };
		315C4A57BB7E2C1AE5937AD2 /* Pods-SundeedQLiteExample.release.xcconfig */ = {isa = PBXFileReference; includeInIndex = 1; lastKnownFileType = text.xcconfig; name = "Pods-SundeedQLiteExample.release.xcconfig"; path = "Target Support Files/Pods-SundeedQLiteExample/Pods-SundeedQLiteExample.release.xcconfig"; sourceTree = "<group>"; };
		E1FE1EE219DF59D7A9B2D17D /* Pods_SundeedQLiteExample.framework */ = {isa = PBXFileReference; explicitFileType = wrapper.framework; includeInIndex = 0; path = Pods_SundeedQLiteExample.framework; sourceTree = BUILT_PRODUCTS_DIR; };
/* End PBXFileReference section */

/* Begin PBXFrameworksBuildPhase section */
		067B15F92348DF6E007D1213 /* Frameworks */ = {
			isa = PBXFrameworksBuildPhase;
			buildActionMask = 2147483647;
			files = (
				FCD02D0665172E7B8F3D0C8C /* Pods_SundeedQLiteExample.framework in Frameworks */,
			);
			runOnlyForDeploymentPostprocessing = 0;
		};
/* End PBXFrameworksBuildPhase section */

/* Begin PBXGroup section */
		067B15F32348DF6E007D1213 = {
			isa = PBXGroup;
			children = (
				067B15FE2348DF6E007D1213 /* SundeedQLiteExample */,
				067B15FD2348DF6E007D1213 /* Products */,
				93A0E26DB87DB448A6449901 /* Pods */,
				E3F3BD89A8D520809366CF36 /* Frameworks */,
			);
			sourceTree = "<group>";
		};
		067B15FD2348DF6E007D1213 /* Products */ = {
			isa = PBXGroup;
			children = (
				067B15FC2348DF6E007D1213 /* SundeedQLiteExample.app */,
			);
			name = Products;
			sourceTree = "<group>";
		};
		067B15FE2348DF6E007D1213 /* SundeedQLiteExample */ = {
			isa = PBXGroup;
			children = (
				067B16112348DFCD007D1213 /* Classes */,
				067B15FF2348DF6E007D1213 /* AppDelegate.swift */,
				067B16012348DF6E007D1213 /* ViewController.swift */,
				067B16032348DF6E007D1213 /* Main.storyboard */,
				067B16062348DF6F007D1213 /* Assets.xcassets */,
				067B16082348DF6F007D1213 /* LaunchScreen.storyboard */,
				067B160B2348DF6F007D1213 /* Info.plist */,
			);
			path = SundeedQLiteExample;
			sourceTree = "<group>";
		};
		067B16112348DFCD007D1213 /* Classes */ = {
			isa = PBXGroup;
			children = (
				067B16122348DFD6007D1213 /* Employer.swift */,
				067B16142348E003007D1213 /* Employee.swift */,
			);
			path = Classes;
			sourceTree = "<group>";
		};
		93A0E26DB87DB448A6449901 /* Pods */ = {
			isa = PBXGroup;
			children = (
				23E6A9347BB7FEA409C79F9B /* Pods-SundeedQLiteExample.debug.xcconfig */,
				315C4A57BB7E2C1AE5937AD2 /* Pods-SundeedQLiteExample.release.xcconfig */,
			);
			path = Pods;
			sourceTree = "<group>";
		};
		E3F3BD89A8D520809366CF36 /* Frameworks */ = {
			isa = PBXGroup;
			children = (
				E1FE1EE219DF59D7A9B2D17D /* Pods_SundeedQLiteExample.framework */,
			);
			name = Frameworks;
			sourceTree = "<group>";
		};
/* End PBXGroup section */

/* Begin PBXNativeTarget section */
		067B15FB2348DF6E007D1213 /* SundeedQLiteExample */ = {
			isa = PBXNativeTarget;
			buildConfigurationList = 067B160E2348DF6F007D1213 /* Build configuration list for PBXNativeTarget "SundeedQLiteExample" */;
			buildPhases = (
				FA470A8829991D53F769ABAC /* [CP] Check Pods Manifest.lock */,
				067B15F82348DF6E007D1213 /* Sources */,
				067B15F92348DF6E007D1213 /* Frameworks */,
				067B15FA2348DF6E007D1213 /* Resources */,
				AF244DC721EA8FCE986FD717 /* [CP] Embed Pods Frameworks */,
			);
			buildRules = (
			);
			dependencies = (
			);
			name = SundeedQLiteExample;
			productName = SundeedQLiteExample;
			productReference = 067B15FC2348DF6E007D1213 /* SundeedQLiteExample.app */;
			productType = "com.apple.product-type.application";
		};
/* End PBXNativeTarget section */

/* Begin PBXProject section */
		067B15F42348DF6E007D1213 /* Project object */ = {
			isa = PBXProject;
			attributes = {
				LastSwiftUpdateCheck = 1030;
				LastUpgradeCheck = 1030;
				ORGANIZATIONNAME = LUMBERCODE;
				TargetAttributes = {
					067B15FB2348DF6E007D1213 = {
						CreatedOnToolsVersion = 10.3;
					};
				};
			};
			buildConfigurationList = 067B15F72348DF6E007D1213 /* Build configuration list for PBXProject "SundeedQLiteExample" */;
			compatibilityVersion = "Xcode 9.3";
			developmentRegion = en;
			hasScannedForEncodings = 0;
			knownRegions = (
				en,
				Base,
			);
			mainGroup = 067B15F32348DF6E007D1213;
			productRefGroup = 067B15FD2348DF6E007D1213 /* Products */;
			projectDirPath = "";
			projectRoot = "";
			targets = (
				067B15FB2348DF6E007D1213 /* SundeedQLiteExample */,
			);
		};
/* End PBXProject section */

/* Begin PBXResourcesBuildPhase section */
		067B15FA2348DF6E007D1213 /* Resources */ = {
			isa = PBXResourcesBuildPhase;
			buildActionMask = 2147483647;
			files = (
				067B160A2348DF6F007D1213 /* LaunchScreen.storyboard in Resources */,
				067B16072348DF6F007D1213 /* Assets.xcassets in Resources */,
				067B16052348DF6E007D1213 /* Main.storyboard in Resources */,
			);
			runOnlyForDeploymentPostprocessing = 0;
		};
/* End PBXResourcesBuildPhase section */

/* Begin PBXShellScriptBuildPhase section */
		AF244DC721EA8FCE986FD717 /* [CP] Embed Pods Frameworks */ = {
			isa = PBXShellScriptBuildPhase;
			buildActionMask = 2147483647;
			files = (
			);
			inputFileListPaths = (
				"${PODS_ROOT}/Target Support Files/Pods-SundeedQLiteExample/Pods-SundeedQLiteExample-frameworks-${CONFIGURATION}-input-files.xcfilelist",
			);
			name = "[CP] Embed Pods Frameworks";
			outputFileListPaths = (
				"${PODS_ROOT}/Target Support Files/Pods-SundeedQLiteExample/Pods-SundeedQLiteExample-frameworks-${CONFIGURATION}-output-files.xcfilelist",
			);
			runOnlyForDeploymentPostprocessing = 0;
			shellPath = /bin/sh;
			shellScript = "\"${PODS_ROOT}/Target Support Files/Pods-SundeedQLiteExample/Pods-SundeedQLiteExample-frameworks.sh\"\n";
			showEnvVarsInLog = 0;
		};
		FA470A8829991D53F769ABAC /* [CP] Check Pods Manifest.lock */ = {
			isa = PBXShellScriptBuildPhase;
			buildActionMask = 2147483647;
			files = (
			);
			inputFileListPaths = (
			);
			inputPaths = (
				"${PODS_PODFILE_DIR_PATH}/Podfile.lock",
				"${PODS_ROOT}/Manifest.lock",
			);
			name = "[CP] Check Pods Manifest.lock";
			outputFileListPaths = (
			);
			outputPaths = (
				"$(DERIVED_FILE_DIR)/Pods-SundeedQLiteExample-checkManifestLockResult.txt",
			);
			runOnlyForDeploymentPostprocessing = 0;
			shellPath = /bin/sh;
			shellScript = "diff \"${PODS_PODFILE_DIR_PATH}/Podfile.lock\" \"${PODS_ROOT}/Manifest.lock\" > /dev/null\nif [ $? != 0 ] ; then\n    # print error to STDERR\n    echo \"error: The sandbox is not in sync with the Podfile.lock. Run 'pod install' or update your CocoaPods installation.\" >&2\n    exit 1\nfi\n# This output is used by Xcode 'outputs' to avoid re-running this script phase.\necho \"SUCCESS\" > \"${SCRIPT_OUTPUT_FILE_0}\"\n";
			showEnvVarsInLog = 0;
		};
/* End PBXShellScriptBuildPhase section */

/* Begin PBXSourcesBuildPhase section */
		067B15F82348DF6E007D1213 /* Sources */ = {
			isa = PBXSourcesBuildPhase;
			buildActionMask = 2147483647;
			files = (
				067B16022348DF6E007D1213 /* ViewController.swift in Sources */,
				067B16152348E003007D1213 /* Employee.swift in Sources */,
				067B16132348DFD6007D1213 /* Employer.swift in Sources */,
				067B16002348DF6E007D1213 /* AppDelegate.swift in Sources */,
			);
			runOnlyForDeploymentPostprocessing = 0;
		};
/* End PBXSourcesBuildPhase section */

/* Begin PBXVariantGroup section */
		067B16032348DF6E007D1213 /* Main.storyboard */ = {
			isa = PBXVariantGroup;
			children = (
				067B16042348DF6E007D1213 /* Base */,
			);
			name = Main.storyboard;
			sourceTree = "<group>";
		};
		067B16082348DF6F007D1213 /* LaunchScreen.storyboard */ = {
			isa = PBXVariantGroup;
			children = (
				067B16092348DF6F007D1213 /* Base */,
			);
			name = LaunchScreen.storyboard;
			sourceTree = "<group>";
		};
/* End PBXVariantGroup section */

/* Begin XCBuildConfiguration section */
		067B160C2348DF6F007D1213 /* Debug */ = {
			isa = XCBuildConfiguration;
			buildSettings = {
				ALWAYS_SEARCH_USER_PATHS = NO;
				CLANG_ANALYZER_NONNULL = YES;
				CLANG_ANALYZER_NUMBER_OBJECT_CONVERSION = YES_AGGRESSIVE;
				CLANG_CXX_LANGUAGE_STANDARD = "gnu++14";
				CLANG_CXX_LIBRARY = "libc++";
				CLANG_ENABLE_MODULES = YES;
				CLANG_ENABLE_OBJC_ARC = YES;
				CLANG_ENABLE_OBJC_WEAK = YES;
				CLANG_WARN_BLOCK_CAPTURE_AUTORELEASING = YES;
				CLANG_WARN_BOOL_CONVERSION = YES;
				CLANG_WARN_COMMA = YES;
				CLANG_WARN_CONSTANT_CONVERSION = YES;
				CLANG_WARN_DEPRECATED_OBJC_IMPLEMENTATIONS = YES;
				CLANG_WARN_DIRECT_OBJC_ISA_USAGE = YES_ERROR;
				CLANG_WARN_DOCUMENTATION_COMMENTS = YES;
				CLANG_WARN_EMPTY_BODY = YES;
				CLANG_WARN_ENUM_CONVERSION = YES;
				CLANG_WARN_INFINITE_RECURSION = YES;
				CLANG_WARN_INT_CONVERSION = YES;
				CLANG_WARN_NON_LITERAL_NULL_CONVERSION = YES;
				CLANG_WARN_OBJC_IMPLICIT_RETAIN_SELF = YES;
				CLANG_WARN_OBJC_LITERAL_CONVERSION = YES;
				CLANG_WARN_OBJC_ROOT_CLASS = YES_ERROR;
				CLANG_WARN_RANGE_LOOP_ANALYSIS = YES;
				CLANG_WARN_STRICT_PROTOTYPES = YES;
				CLANG_WARN_SUSPICIOUS_MOVE = YES;
				CLANG_WARN_UNGUARDED_AVAILABILITY = YES_AGGRESSIVE;
				CLANG_WARN_UNREACHABLE_CODE = YES;
				CLANG_WARN__DUPLICATE_METHOD_MATCH = YES;
				CODE_SIGN_IDENTITY = "iPhone Developer";
				COPY_PHASE_STRIP = NO;
				DEBUG_INFORMATION_FORMAT = dwarf;
				ENABLE_STRICT_OBJC_MSGSEND = YES;
				ENABLE_TESTABILITY = YES;
				GCC_C_LANGUAGE_STANDARD = gnu11;
				GCC_DYNAMIC_NO_PIC = NO;
				GCC_NO_COMMON_BLOCKS = YES;
				GCC_OPTIMIZATION_LEVEL = 0;
				GCC_PREPROCESSOR_DEFINITIONS = (
					"DEBUG=1",
					"$(inherited)",
				);
				GCC_WARN_64_TO_32_BIT_CONVERSION = YES;
				GCC_WARN_ABOUT_RETURN_TYPE = YES_ERROR;
				GCC_WARN_UNDECLARED_SELECTOR = YES;
				GCC_WARN_UNINITIALIZED_AUTOS = YES_AGGRESSIVE;
				GCC_WARN_UNUSED_FUNCTION = YES;
				GCC_WARN_UNUSED_VARIABLE = YES;
				IPHONEOS_DEPLOYMENT_TARGET = 12.4;
				MTL_ENABLE_DEBUG_INFO = INCLUDE_SOURCE;
				MTL_FAST_MATH = YES;
				ONLY_ACTIVE_ARCH = YES;
				SDKROOT = iphoneos;
				SWIFT_ACTIVE_COMPILATION_CONDITIONS = DEBUG;
				SWIFT_OPTIMIZATION_LEVEL = "-Onone";
			};
			name = Debug;
		};
		067B160D2348DF6F007D1213 /* Release */ = {
			isa = XCBuildConfiguration;
			buildSettings = {
				ALWAYS_SEARCH_USER_PATHS = NO;
				CLANG_ANALYZER_NONNULL = YES;
				CLANG_ANALYZER_NUMBER_OBJECT_CONVERSION = YES_AGGRESSIVE;
				CLANG_CXX_LANGUAGE_STANDARD = "gnu++14";
				CLANG_CXX_LIBRARY = "libc++";
				CLANG_ENABLE_MODULES = YES;
				CLANG_ENABLE_OBJC_ARC = YES;
				CLANG_ENABLE_OBJC_WEAK = YES;
				CLANG_WARN_BLOCK_CAPTURE_AUTORELEASING = YES;
				CLANG_WARN_BOOL_CONVERSION = YES;
				CLANG_WARN_COMMA = YES;
				CLANG_WARN_CONSTANT_CONVERSION = YES;
				CLANG_WARN_DEPRECATED_OBJC_IMPLEMENTATIONS = YES;
				CLANG_WARN_DIRECT_OBJC_ISA_USAGE = YES_ERROR;
				CLANG_WARN_DOCUMENTATION_COMMENTS = YES;
				CLANG_WARN_EMPTY_BODY = YES;
				CLANG_WARN_ENUM_CONVERSION = YES;
				CLANG_WARN_INFINITE_RECURSION = YES;
				CLANG_WARN_INT_CONVERSION = YES;
				CLANG_WARN_NON_LITERAL_NULL_CONVERSION = YES;
				CLANG_WARN_OBJC_IMPLICIT_RETAIN_SELF = YES;
				CLANG_WARN_OBJC_LITERAL_CONVERSION = YES;
				CLANG_WARN_OBJC_ROOT_CLASS = YES_ERROR;
				CLANG_WARN_RANGE_LOOP_ANALYSIS = YES;
				CLANG_WARN_STRICT_PROTOTYPES = YES;
				CLANG_WARN_SUSPICIOUS_MOVE = YES;
				CLANG_WARN_UNGUARDED_AVAILABILITY = YES_AGGRESSIVE;
				CLANG_WARN_UNREACHABLE_CODE = YES;
				CLANG_WARN__DUPLICATE_METHOD_MATCH = YES;
				CODE_SIGN_IDENTITY = "iPhone Developer";
				COPY_PHASE_STRIP = NO;
				DEBUG_INFORMATION_FORMAT = "dwarf-with-dsym";
				ENABLE_NS_ASSERTIONS = NO;
				ENABLE_STRICT_OBJC_MSGSEND = YES;
				GCC_C_LANGUAGE_STANDARD = gnu11;
				GCC_NO_COMMON_BLOCKS = YES;
				GCC_WARN_64_TO_32_BIT_CONVERSION = YES;
				GCC_WARN_ABOUT_RETURN_TYPE = YES_ERROR;
				GCC_WARN_UNDECLARED_SELECTOR = YES;
				GCC_WARN_UNINITIALIZED_AUTOS = YES_AGGRESSIVE;
				GCC_WARN_UNUSED_FUNCTION = YES;
				GCC_WARN_UNUSED_VARIABLE = YES;
				IPHONEOS_DEPLOYMENT_TARGET = 12.4;
				MTL_ENABLE_DEBUG_INFO = NO;
				MTL_FAST_MATH = YES;
				SDKROOT = iphoneos;
				SWIFT_COMPILATION_MODE = wholemodule;
				SWIFT_OPTIMIZATION_LEVEL = "-O";
				VALIDATE_PRODUCT = YES;
			};
			name = Release;
		};
		067B160F2348DF6F007D1213 /* Debug */ = {
			isa = XCBuildConfiguration;
			baseConfigurationReference = 23E6A9347BB7FEA409C79F9B /* Pods-SundeedQLiteExample.debug.xcconfig */;
			buildSettings = {
				ASSETCATALOG_COMPILER_APPICON_NAME = AppIcon;
				CODE_SIGN_STYLE = Automatic;
				DEVELOPMENT_TEAM = K897Z868JW;
				INFOPLIST_FILE = SundeedQLiteExample/Info.plist;
				IPHONEOS_DEPLOYMENT_TARGET = 12.4;
				LD_RUNPATH_SEARCH_PATHS = (
					"$(inherited)",
					"@executable_path/Frameworks",
				);
				PRODUCT_BUNDLE_IDENTIFIER = com.LUMBERCODE.SundeedQLiteExample;
				PRODUCT_NAME = "$(TARGET_NAME)";
				SWIFT_VERSION = 5.0;
				TARGETED_DEVICE_FAMILY = "1,2";
			};
			name = Debug;
		};
		067B16102348DF6F007D1213 /* Release */ = {
			isa = XCBuildConfiguration;
			baseConfigurationReference = 315C4A57BB7E2C1AE5937AD2 /* Pods-SundeedQLiteExample.release.xcconfig */;
			buildSettings = {
				ASSETCATALOG_COMPILER_APPICON_NAME = AppIcon;
				CODE_SIGN_STYLE = Automatic;
				DEVELOPMENT_TEAM = K897Z868JW;
				INFOPLIST_FILE = SundeedQLiteExample/Info.plist;
				IPHONEOS_DEPLOYMENT_TARGET = 12.4;
				LD_RUNPATH_SEARCH_PATHS = (
					"$(inherited)",
					"@executable_path/Frameworks",
				);
				PRODUCT_BUNDLE_IDENTIFIER = com.LUMBERCODE.SundeedQLiteExample;
				PRODUCT_NAME = "$(TARGET_NAME)";
				SWIFT_VERSION = 5.0;
				TARGETED_DEVICE_FAMILY = "1,2";
			};
			name = Release;
		};
/* End XCBuildConfiguration section */

/* Begin XCConfigurationList section */
		067B15F72348DF6E007D1213 /* Build configuration list for PBXProject "SundeedQLiteExample" */ = {
			isa = XCConfigurationList;
			buildConfigurations = (
				067B160C2348DF6F007D1213 /* Debug */,
				067B160D2348DF6F007D1213 /* Release */,
			);
			defaultConfigurationIsVisible = 0;
			defaultConfigurationName = Release;
		};
		067B160E2348DF6F007D1213 /* Build configuration list for PBXNativeTarget "SundeedQLiteExample" */ = {
			isa = XCConfigurationList;
			buildConfigurations = (
				067B160F2348DF6F007D1213 /* Debug */,
				067B16102348DF6F007D1213 /* Release */,
			);
			defaultConfigurationIsVisible = 0;
			defaultConfigurationName = Release;
		};
/* End XCConfigurationList section */
	};
	rootObject = 067B15F42348DF6E007D1213 /* Project object */;
}
